
Microsoft Visual Studio Solution File, Format Version 11.00
# Visual Studio 2010
Project("{E24C65DC-7377-472B-9ABA-BC803B73C61A}") = "AuthUsingCRM", "AuthUsingCRM\", "{386C81F5-EAE7-4BDB-8FFD-8EE16D39DF64}"
	ProjectSection(WebsiteProperties) = preProject
		TargetFrameworkMoniker = ".NETFramework,Version%3Dv4.0"
		Debug.AspNetCompiler.VirtualPath = "/AuthUsingCRM"
		Debug.AspNetCompiler.PhysicalPath = "AuthUsingCRM\"
		Debug.AspNetCompiler.TargetPath = "PrecompiledWeb\AuthUsingCRM\"
		Debug.AspNetCompiler.Updateable = "true"
		Debug.AspNetCompiler.ForceOverwrite = "true"
		Debug.AspNetCompiler.FixedNames = "false"
		Debug.AspNetCompiler.Debug = "True"
		Release.AspNetCompiler.VirtualPath = "/AuthUsingCRM"
		Release.AspNetCompiler.PhysicalPath = "AuthUsingCRM\"
		Release.AspNetCompiler.TargetPath = "PrecompiledWeb\AuthUsingCRM\"
		Release.AspNetCompiler.Updateable = "true"
		Release.AspNetCompiler.ForceOverwrite = "true"
		Release.AspNetCompiler.FixedNames = "false"
		Release.AspNetCompiler.Debug = "False"
	EndProjectSection
EndProject
Project("{E24C65DC-7377-472B-9ABA-BC803B73C61A}") = "AuthUsingCRMClientSite", "AuthUsingCRMClientSite\", "{0328FE7F-8A89-4EA8-B080-5C6803B237D8}"
	ProjectSection(WebsiteProperties) = preProject
		TargetFrameworkMoniker = ".NETFramework,Version%3Dv4.0"
		Debug.AspNetCompiler.VirtualPath = "/AuthUsingCRMClientSite"
		Debug.AspNetCompiler.PhysicalPath = "AuthUsingCRMClientSite\"
		Debug.AspNetCompiler.TargetPath = "PrecompiledWeb\AuthUsingCRMClientSite\"
		Debug.AspNetCompiler.Updateable = "true"
		Debug.AspNetCompiler.ForceOverwrite = "true"
		Debug.AspNetCompiler.FixedNames = "false"
		Debug.AspNetCompiler.Debug = "True"
		Release.AspNetCompiler.VirtualPath = "/AuthUsingCRMClientSite"
		Release.AspNetCompiler.PhysicalPath = "AuthUsingCRMClientSite\"
		Release.AspNetCompiler.TargetPath = "PrecompiledWeb\AuthUsingCRMClientSite\"
		Release.AspNetCompiler.Updateable = "true"
		Release.AspNetCompiler.ForceOverwrite = "true"
		Release.AspNetCompiler.FixedNames = "false"
		Release.AspNetCompiler.Debug = "False"
	EndProjectSection
EndProject
Global
	GlobalSection(SolutionConfigurationPlatforms) = preSolution
		Debug|Any CPU = Debug|Any CPU
	EndGlobalSection
	GlobalSection(ProjectConfigurationPlatforms) = postSolution
		{386C81F5-EAE7-4BDB-8FFD-8EE16D39DF64}.Debug|Any CPU.ActiveCfg = Debug|Any CPU
		{386C81F5-EAE7-4BDB-8FFD-8EE16D39DF64}.Debug|Any CPU.Build.0 = Debug|Any CPU
		{0328FE7F-8A89-4EA8-B080-5C6803B237D8}.Debug|Any CPU.ActiveCfg = Debug|Any CPU
		{0328FE7F-8A89-4EA8-B080-5C6803B237D8}.Debug|Any CPU.Build.0 = Debug|Any CPU
	EndGlobalSection
	GlobalSection(SolutionProperties) = preSolution
		HideSolutionNode = FALSE
	EndGlobalSection
EndGlobal
